
Microsoft Visual Studio Solution File, Format Version 12.00
# Visual Studio Version 17
VisualStudioVersion = 17.5.33516.290
MinimumVisualStudioVersion = 10.0.40219.1
Project("{FAE04EC0-301F-11D3-BF4B-00C04F79EFBC}") = "MoveM8s", "MoveM8s.csproj", "{203866B6-4AF5-4B0F-9745-A023CA38E043}"
EndProject
Project("{2150E333-8FDC-42A3-9474-1A3956D46DE8}") = "Solution Items", "Solution Items", "{70FB27FE-9E48-47A5-975C-8B7F4C7F8D92}"
	ProjectSection(SolutionItems) = preProject
		.gitignore = .gitignore
	EndProjectSection
EndProject
Global
	GlobalSection(SolutionConfigurationPlatforms) = preSolution
		Debug|Any CPU = Debug|Any CPU
		Release|Any CPU = Release|Any CPU
	EndGlobalSection
	GlobalSection(ProjectConfigurationPlatforms) = postSolution
		{203866B6-4AF5-4B0F-9745-A023CA38E043}.Debug|Any CPU.ActiveCfg = Debug|Any CPU
		{203866B6-4AF5-4B0F-9745-A023CA38E043}.Debug|Any CPU.Build.0 = Debug|Any CPU
		{203866B6-4AF5-4B0F-9745-A023CA38E043}.Release|Any CPU.ActiveCfg = Release|Any CPU
		{203866B6-4AF5-4B0F-9745-A023CA38E043}.Release|Any CPU.Build.0 = Release|Any CPU
	EndGlobalSection
	GlobalSection(SolutionProperties) = preSolution
		HideSolutionNode = FALSE
	EndGlobalSection
	GlobalSection(ExtensibilityGlobals) = postSolution
		SolutionGuid = {72A57A3D-2C49-432C-96A0-3EEBB4C1265B}
	EndGlobalSection
EndGlobal
